
Microsoft Visual Studio Solution File, Format Version 12.00
# Visual Studio Version 16
VisualStudioVersion = 16.0.29306.81
MinimumVisualStudioVersion = 10.0.40219.1
Project("{9A19103F-16F7-4668-BE54-9A1E7A4F7556}") = "FmodAudio", "FmodAudio\FmodAudio.csproj", "{69AE6852-20E1-4C8A-AD65-FFADB8643F6F}"
EndProject
Project("{9A19103F-16F7-4668-BE54-9A1E7A4F7556}") = "Examples", "Examples\Examples.csproj", "{4DD9C721-61ED-41CA-93A8-3C78D1E090B3}"
EndProject
Global
	GlobalSection(SolutionConfigurationPlatforms) = preSolution
		Debug|Any CPU = Debug|Any CPU
		Release|Any CPU = Release|Any CPU
	EndGlobalSection
	GlobalSection(ProjectConfigurationPlatforms) = postSolution
		{69AE6852-20E1-4C8A-AD65-FFADB8643F6F}.Debug|Any CPU.ActiveCfg = Debug|Any CPU
		{69AE6852-20E1-4C8A-AD65-FFADB8643F6F}.Debug|Any CPU.Build.0 = Debug|Any CPU
		{69AE6852-20E1-4C8A-AD65-FFADB8643F6F}.Release|Any CPU.ActiveCfg = Release|Any CPU
		{69AE6852-20E1-4C8A-AD65-FFADB8643F6F}.Release|Any CPU.Build.0 = Release|Any CPU
		{4DD9C721-61ED-41CA-93A8-3C78D1E090B3}.Debug|Any CPU.ActiveCfg = Debug|Any CPU
		{4DD9C721-61ED-41CA-93A8-3C78D1E090B3}.Debug|Any CPU.Build.0 = Debug|Any CPU
		{4DD9C721-61ED-41CA-93A8-3C78D1E090B3}.Release|Any CPU.ActiveCfg = Release|Any CPU
		{4DD9C721-61ED-41CA-93A8-3C78D1E090B3}.Release|Any CPU.Build.0 = Release|Any CPU
	EndGlobalSection
	GlobalSection(SolutionProperties) = preSolution
		HideSolutionNode = FALSE
	EndGlobalSection
	GlobalSection(ExtensibilityGlobals) = postSolution
		SolutionGuid = {5F678512-386F-4E6D-B26C-99D5BC75B2FF}
	EndGlobalSection
EndGlobal
